// !$*UTF8*$!
{
	archiveVersion = 1;
	classes = {
	};
	objectVersion = 48;
	objects = {

/* Begin PBXBuildFile section */
		27A9BE2C206FE68F00A9F72F /* AppDelegate.swift in Sources */ = {isa = PBXBuildFile; fileRef = 27A9BE2B206FE68F00A9F72F /* AppDelegate.swift */; };
		27A9BE2E206FE68F00A9F72F /* ViewController.swift in Sources */ = {isa = PBXBuildFile; fileRef = 27A9BE2D206FE68F00A9F72F /* ViewController.swift */; };
		27A9BE31206FE68F00A9F72F /* Main.storyboard in Resources */ = {isa = PBXBuildFile; fileRef = 27A9BE2F206FE68F00A9F72F /* Main.storyboard */; };
		27A9BE33206FE68F00A9F72F /* Assets.xcassets in Resources */ = {isa = PBXBuildFile; fileRef = 27A9BE32206FE68F00A9F72F /* Assets.xcassets */; };
		27A9BE36206FE68F00A9F72F /* LaunchScreen.storyboard in Resources */ = {isa = PBXBuildFile; fileRef = 27A9BE34206FE68F00A9F72F /* LaunchScreen.storyboard */; };
/* End PBXBuildFile section */

/* Begin PBXFileReference section */
		27A9BE28206FE68F00A9F72F /* trendify.app */ = {isa = PBXFileReference; explicitFileType = wrapper.application; includeInIndex = 0; path = trendify.app; sourceTree = BUILT_PRODUCTS_DIR; };
		27A9BE2B206FE68F00A9F72F /* AppDelegate.swift */ = {isa = PBXFileReference; lastKnownFileType = sourcecode.swift; path = AppDelegate.swift; sourceTree = "<group>"; };
		27A9BE2D206FE68F00A9F72F /* ViewController.swift */ = {isa = PBXFileReference; lastKnownFileType = sourcecode.swift; path = ViewController.swift; sourceTree = "<group>"; };
		27A9BE30206FE68F00A9F72F /* Base */ = {isa = PBXFileReference; lastKnownFileType = file.storyboard; name = Base; path = Base.lproj/Main.storyboard; sourceTree = "<group>"; };
		27A9BE32206FE68F00A9F72F /* Assets.xcassets */ = {isa = PBXFileReference; lastKnownFileType = folder.assetcatalog; path = Assets.xcassets; sourceTree = "<group>"; };
		27A9BE35206FE68F00A9F72F /* Base */ = {isa = PBXFileReference; lastKnownFileType = file.storyboard; name = Base; path = Base.lproj/LaunchScreen.storyboard; sourceTree = "<group>"; };
		27A9BE37206FE68F00A9F72F /* Info.plist */ = {isa = PBXFileReference; lastKnownFileType = text.plist.xml; path = Info.plist; sourceTree = "<group>"; };
/* End PBXFileReference section */

/* Begin PBXFrameworksBuildPhase section */
		27A9BE25206FE68F00A9F72F /* Frameworks */ = {
			isa = PBXFrameworksBuildPhase;
			buildActionMask = 2147483647;
			files = (
			);
			runOnlyForDeploymentPostprocessing = 0;
		};
/* End PBXFrameworksBuildPhase section */

/* Begin PBXGroup section */
		27A9BE1F206FE68F00A9F72F = {
			isa = PBXGroup;
			children = (
				27A9BE2A206FE68F00A9F72F /* trendify */,
				27A9BE29206FE68F00A9F72F /* Products */,
			);
			sourceTree = "<group>";
		};
		27A9BE29206FE68F00A9F72F /* Products */ = {
			isa = PBXGroup;
			children = (
				27A9BE28206FE68F00A9F72F /* trendify.app */,
			);
			name = Products;
			sourceTree = "<group>";
		};
		27A9BE2A206FE68F00A9F72F /* trendify */ = {
			isa = PBXGroup;
			children = (
				27A9BE2B206FE68F00A9F72F /* AppDelegate.swift */,
				27A9BE2D206FE68F00A9F72F /* ViewController.swift */,
				27A9BE2F206FE68F00A9F72F /* Main.storyboard */,
				27A9BE32206FE68F00A9F72F /* Assets.xcassets */,
				27A9BE34206FE68F00A9F72F /* LaunchScreen.storyboard */,
				27A9BE37206FE68F00A9F72F /* Info.plist */,
			);
			path = trendify;
			sourceTree = "<group>";
		};
/* End PBXGroup section */

/* Begin PBXNativeTarget section */
		27A9BE27206FE68F00A9F72F /* trendify */ = {
			isa = PBXNativeTarget;
			buildConfigurationList = 27A9BE3A206FE68F00A9F72F /* Build configuration list for PBXNativeTarget "trendify" */;
			buildPhases = (
				27A9BE24206FE68F00A9F72F /* Sources */,
				27A9BE25206FE68F00A9F72F /* Frameworks */,
				27A9BE26206FE68F00A9F72F /* Resources */,
			);
			buildRules = (
			);
			dependencies = (
			);
			name = trendify;
			productName = trendify;
			productReference = 27A9BE28206FE68F00A9F72F /* trendify.app */;
			productType = "com.apple.product-type.application";
		};
/* End PBXNativeTarget section */

/* Begin PBXProject section */
		27A9BE20206FE68F00A9F72F /* Project object */ = {
			isa = PBXProject;
			attributes = {
				LastSwiftUpdateCheck = 0920;
				LastUpgradeCheck = 0920;
				ORGANIZATIONNAME = "Mat Schmid";
				TargetAttributes = {
					27A9BE27206FE68F00A9F72F = {
						CreatedOnToolsVersion = 9.2;
						ProvisioningStyle = Automatic;
					};
				};
			};
			buildConfigurationList = 27A9BE23206FE68F00A9F72F /* Build configuration list for PBXProject "trendify" */;
			compatibilityVersion = "Xcode 8.0";
			developmentRegion = en;
			hasScannedForEncodings = 0;
			knownRegions = (
				en,
				Base,
			);
			mainGroup = 27A9BE1F206FE68F00A9F72F;
			productRefGroup = 27A9BE29206FE68F00A9F72F /* Products */;
			projectDirPath = "";
			projectRoot = "";
			targets = (
				27A9BE27206FE68F00A9F72F /* trendify */,
			);
		};
/* End PBXProject section */

/* Begin PBXResourcesBuildPhase section */
		27A9BE26206FE68F00A9F72F /* Resources */ = {
			isa = PBXResourcesBuildPhase;
			buildActionMask = 2147483647;
			files = (
				27A9BE36206FE68F00A9F72F /* LaunchScreen.storyboard in Resources */,
				27A9BE33206FE68F00A9F72F /* Assets.xcassets in Resources */,
				27A9BE31206FE68F00A9F72F /* Main.storyboard in Resources */,
			);
			runOnlyForDeploymentPostprocessing = 0;
		};
/* End PBXResourcesBuildPhase section */

/* Begin PBXSourcesBuildPhase section */
		27A9BE24206FE68F00A9F72F /* Sources */ = {
			isa = PBXSourcesBuildPhase;
			buildActionMask = 2147483647;
			files = (
				27A9BE2E206FE68F00A9F72F /* ViewController.swift in Sources */,
				27A9BE2C206FE68F00A9F72F /* AppDelegate.swift in Sources */,
			);
			runOnlyForDeploymentPostprocessing = 0;
		};
/* End PBXSourcesBuildPhase section */

/* Begin PBXVariantGroup section */
		27A9BE2F206FE68F00A9F72F /* Main.storyboard */ = {
			isa = PBXVariantGroup;
			children = (
				27A9BE30206FE68F00A9F72F /* Base */,
			);
			name = Main.storyboard;
			sourceTree = "<group>";
		};
		27A9BE34206FE68F00A9F72F /* LaunchScreen.storyboard */ = {
			isa = PBXVariantGroup;
			children = (
				27A9BE35206FE68F00A9F72F /* Base */,
			);
			name = LaunchScreen.storyboard;
			sourceTree = "<group>";
		};
/* End PBXVariantGroup section */

/* Begin XCBuildConfiguration section */
		27A9BE38206FE68F00A9F72F /* Debug */ = {
			isa = XCBuildConfiguration;
			buildSettings = {
				ALWAYS_SEARCH_USER_PATHS = NO;
				CLANG_ANALYZER_NONNULL = YES;
				CLANG_ANALYZER_NUMBER_OBJECT_CONVERSION = YES_AGGRESSIVE;
				CLANG_CXX_LANGUAGE_STANDARD = "gnu++14";
				CLANG_CXX_LIBRARY = "libc++";
				CLANG_ENABLE_MODULES = YES;
				CLANG_ENABLE_OBJC_ARC = YES;
				CLANG_WARN_BLOCK_CAPTURE_AUTORELEASING = YES;
				CLANG_WARN_BOOL_CONVERSION = YES;
				CLANG_WARN_COMMA = YES;
				CLANG_WARN_CONSTANT_CONVERSION = YES;
				CLANG_WARN_DIRECT_OBJC_ISA_USAGE = YES_ERROR;
				CLANG_WARN_DOCUMENTATION_COMMENTS = YES;
				CLANG_WARN_EMPTY_BODY = YES;
				CLANG_WARN_ENUM_CONVERSION = YES;
				CLANG_WARN_INFINITE_RECURSION = YES;
				CLANG_WARN_INT_CONVERSION = YES;
				CLANG_WARN_NON_LITERAL_NULL_CONVERSION = YES;
				CLANG_WARN_OBJC_LITERAL_CONVERSION = YES;
				CLANG_WARN_OBJC_ROOT_CLASS = YES_ERROR;
				CLANG_WARN_RANGE_LOOP_ANALYSIS = YES;
				CLANG_WARN_STRICT_PROTOTYPES = YES;
				CLANG_WARN_SUSPICIOUS_MOVE = YES;
				CLANG_WARN_UNGUARDED_AVAILABILITY = YES_AGGRESSIVE;
				CLANG_WARN_UNREACHABLE_CODE = YES;
				CLANG_WARN__DUPLICATE_METHOD_MATCH = YES;
				CODE_SIGN_IDENTITY = "iPhone Developer";
				COPY_PHASE_STRIP = NO;
				DEBUG_INFORMATION_FORMAT = dwarf;
				ENABLE_STRICT_OBJC_MSGSEND = YES;
				ENABLE_TESTABILITY = YES;
				GCC_C_LANGUAGE_STANDARD = gnu11;
				GCC_DYNAMIC_NO_PIC = NO;
				GCC_NO_COMMON_BLOCKS = YES;
				GCC_OPTIMIZATION_LEVEL = 0;
				GCC_PREPROCESSOR_DEFINITIONS = (
					"DEBUG=1",
					"$(inherited)",
				);
				GCC_WARN_64_TO_32_BIT_CONVERSION = YES;
				GCC_WARN_ABOUT_RETURN_TYPE = YES_ERROR;
				GCC_WARN_UNDECLARED_SELECTOR = YES;
				GCC_WARN_UNINITIALIZED_AUTOS = YES_AGGRESSIVE;
				GCC_WARN_UNUSED_FUNCTION = YES;
				GCC_WARN_UNUSED_VARIABLE = YES;
				IPHONEOS_DEPLOYMENT_TARGET = 11.2;
				MTL_ENABLE_DEBUG_INFO = YES;
				ONLY_ACTIVE_ARCH = YES;
				SDKROOT = iphoneos;
				SWIFT_ACTIVE_COMPILATION_CONDITIONS = DEBUG;
				SWIFT_OPTIMIZATION_LEVEL = "-Onone";
			};
			name = Debug;
		};
		27A9BE39206FE68F00A9F72F /* Release */ = {
			isa = XCBuildConfiguration;
			buildSettings = {
				ALWAYS_SEARCH_USER_PATHS = NO;
				CLANG_ANALYZER_NONNULL = YES;
				CLANG_ANALYZER_NUMBER_OBJECT_CONVERSION = YES_AGGRESSIVE;
				CLANG_CXX_LANGUAGE_STANDARD = "gnu++14";
				CLANG_CXX_LIBRARY = "libc++";
				CLANG_ENABLE_MODULES = YES;
				CLANG_ENABLE_OBJC_ARC = YES;
				CLANG_WARN_BLOCK_CAPTURE_AUTORELEASING = YES;
				CLANG_WARN_BOOL_CONVERSION = YES;
				CLANG_WARN_COMMA = YES;
				CLANG_WARN_CONSTANT_CONVERSION = YES;
				CLANG_WARN_DIRECT_OBJC_ISA_USAGE = YES_ERROR;
				CLANG_WARN_DOCUMENTATION_COMMENTS = YES;
				CLANG_WARN_EMPTY_BODY = YES;
				CLANG_WARN_ENUM_CONVERSION = YES;
				CLANG_WARN_INFINITE_RECURSION = YES;
				CLANG_WARN_INT_CONVERSION = YES;
				CLANG_WARN_NON_LITERAL_NULL_CONVERSION = YES;
				CLANG_WARN_OBJC_LITERAL_CONVERSION = YES;
				CLANG_WARN_OBJC_ROOT_CLASS = YES_ERROR;
				CLANG_WARN_RANGE_LOOP_ANALYSIS = YES;
				CLANG_WARN_STRICT_PROTOTYPES = YES;
				CLANG_WARN_SUSPICIOUS_MOVE = YES;
				CLANG_WARN_UNGUARDED_AVAILABILITY = YES_AGGRESSIVE;
				CLANG_WARN_UNREACHABLE_CODE = YES;
				CLANG_WARN__DUPLICATE_METHOD_MATCH = YES;
				CODE_SIGN_IDENTITY = "iPhone Developer";
				COPY_PHASE_STRIP = NO;
				DEBUG_INFORMATION_FORMAT = "dwarf-with-dsym";
				ENABLE_NS_ASSERTIONS = NO;
				ENABLE_STRICT_OBJC_MSGSEND = YES;
				GCC_C_LANGUAGE_STANDARD = gnu11;
				GCC_NO_COMMON_BLOCKS = YES;
				GCC_WARN_64_TO_32_BIT_CONVERSION = YES;
				GCC_WARN_ABOUT_RETURN_TYPE = YES_ERROR;
				GCC_WARN_UNDECLARED_SELECTOR = YES;
				GCC_WARN_UNINITIALIZED_AUTOS = YES_AGGRESSIVE;
				GCC_WARN_UNUSED_FUNCTION = YES;
				GCC_WARN_UNUSED_VARIABLE = YES;
				IPHONEOS_DEPLOYMENT_TARGET = 11.2;
				MTL_ENABLE_DEBUG_INFO = NO;
				SDKROOT = iphoneos;
				SWIFT_OPTIMIZATION_LEVEL = "-Owholemodule";
				VALIDATE_PRODUCT = YES;
			};
			name = Release;
		};
		27A9BE3B206FE68F00A9F72F /* Debug */ = {
			isa = XCBuildConfiguration;
			buildSettings = {
				ASSETCATALOG_COMPILER_APPICON_NAME = AppIcon;
				CODE_SIGN_STYLE = Automatic;
				DEVELOPMENT_TEAM = BNS58ZR5ZP;
				INFOPLIST_FILE = trendify/Info.plist;
				LD_RUNPATH_SEARCH_PATHS = "$(inherited) @executable_path/Frameworks";
				PRODUCT_BUNDLE_IDENTIFIER = matschmid.trendify;
				PRODUCT_NAME = "$(TARGET_NAME)";
				SWIFT_VERSION = 4.0;
				TARGETED_DEVICE_FAMILY = "1,2";
			};
			name = Debug;
		};
		27A9BE3C206FE68F00A9F72F /* Release */ = {
			isa = XCBuildConfiguration;
			buildSettings = {
				ASSETCATALOG_COMPILER_APPICON_NAME = AppIcon;
				CODE_SIGN_STYLE = Automatic;
				DEVELOPMENT_TEAM = BNS58ZR5ZP;
				INFOPLIST_FILE = trendify/Info.plist;
				LD_RUNPATH_SEARCH_PATHS = "$(inherited) @executable_path/Frameworks";
				PRODUCT_BUNDLE_IDENTIFIER = matschmid.trendify;
				PRODUCT_NAME = "$(TARGET_NAME)";
				SWIFT_VERSION = 4.0;
				TARGETED_DEVICE_FAMILY = "1,2";
			};
			name = Release;
		};
/* End XCBuildConfiguration section */

/* Begin XCConfigurationList section */
		27A9BE23206FE68F00A9F72F /* Build configuration list for PBXProject "trendify" */ = {
			isa = XCConfigurationList;
			buildConfigurations = (
				27A9BE38206FE68F00A9F72F /* Debug */,
				27A9BE39206FE68F00A9F72F /* Release */,
			);
			defaultConfigurationIsVisible = 0;
			defaultConfigurationName = Release;
		};
		27A9BE3A206FE68F00A9F72F /* Build configuration list for PBXNativeTarget "trendify" */ = {
			isa = XCConfigurationList;
			buildConfigurations = (
				27A9BE3B206FE68F00A9F72F /* Debug */,
				27A9BE3C206FE68F00A9F72F /* Release */,
			);
			defaultConfigurationIsVisible = 0;
			defaultConfigurationName = Release;
		};
/* End XCConfigurationList section */
	};
	rootObject = 27A9BE20206FE68F00A9F72F /* Project object */;
}
